
Microsoft Visual Studio Solution File, Format Version 12.00
# Visual Studio Version 16
VisualStudioVersion = 16.0.33027.164
MinimumVisualStudioVersion = 10.0.40219.1
Project("{FAE04EC0-301F-11D3-BF4B-00C04F79EFBC}") = "whisperGUI", "whisperGUI\whisperGUI.csproj", "{DA60D337-10F4-43CB-A467-ED4A9E8C2038}"
EndProject
Global
	GlobalSection(SolutionConfigurationPlatforms) = preSolution
		Debug|Any CPU = Debug|Any CPU
		Release|Any CPU = Release|Any CPU
	EndGlobalSection
	GlobalSection(ProjectConfigurationPlatforms) = postSolution
		{DA60D337-10F4-43CB-A467-ED4A9E8C2038}.Debug|Any CPU.ActiveCfg = Debug|Any CPU
		{DA60D337-10F4-43CB-A467-ED4A9E8C2038}.Debug|Any CPU.Build.0 = Debug|Any CPU
		{DA60D337-10F4-43CB-A467-ED4A9E8C2038}.Release|Any CPU.ActiveCfg = Release|Any CPU
		{DA60D337-10F4-43CB-A467-ED4A9E8C2038}.Release|Any CPU.Build.0 = Release|Any CPU
	EndGlobalSection
	GlobalSection(SolutionProperties) = preSolution
		HideSolutionNode = FALSE
	EndGlobalSection
	GlobalSection(ExtensibilityGlobals) = postSolution
		SolutionGuid = {74020647-2527-457E-9DC4-9BBCA85633EE}
	EndGlobalSection
EndGlobal
